
Microsoft Visual Studio Solution File, Format Version 12.00
# Visual Studio 15
VisualStudioVersion = 15.0.26124.0
MinimumVisualStudioVersion = 15.0.26124.0
Project("{2150E333-8FDC-42A3-9474-1A3956D46DE8}") = "src", "src", "{1D359D3B-5670-4400-8FC4-6B2C6AD55808}"
EndProject
Project("{FAE04EC0-301F-11D3-BF4B-00C04F79EFBC}") = "GradeBook", "src\GradeBook\GradeBook.csproj", "{20434707-AC32-48D5-9422-5F834C9ADE07}"
EndProject
Project("{2150E333-8FDC-42A3-9474-1A3956D46DE8}") = "test", "test", "{989E4924-4AF5-4340-9937-EA5EC4D21D30}"
EndProject
Project("{FAE04EC0-301F-11D3-BF4B-00C04F79EFBC}") = "GradeBook.Tests", "test\GradeBook.Tests\GradeBook.Tests.csproj", "{39BD30D5-56DE-40BD-BFAA-C2007A90632F}"
EndProject
Global
	GlobalSection(SolutionConfigurationPlatforms) = preSolution
		Debug|Any CPU = Debug|Any CPU
		Debug|x64 = Debug|x64
		Debug|x86 = Debug|x86
		Release|Any CPU = Release|Any CPU
		Release|x64 = Release|x64
		Release|x86 = Release|x86
	EndGlobalSection
	GlobalSection(SolutionProperties) = preSolution
		HideSolutionNode = FALSE
	EndGlobalSection
	GlobalSection(ProjectConfigurationPlatforms) = postSolution
		{20434707-AC32-48D5-9422-5F834C9ADE07}.Debug|Any CPU.ActiveCfg = Debug|Any CPU
		{20434707-AC32-48D5-9422-5F834C9ADE07}.Debug|Any CPU.Build.0 = Debug|Any CPU
		{20434707-AC32-48D5-9422-5F834C9ADE07}.Debug|x64.ActiveCfg = Debug|Any CPU
		{20434707-AC32-48D5-9422-5F834C9ADE07}.Debug|x64.Build.0 = Debug|Any CPU
		{20434707-AC32-48D5-9422-5F834C9ADE07}.Debug|x86.ActiveCfg = Debug|Any CPU
		{20434707-AC32-48D5-9422-5F834C9ADE07}.Debug|x86.Build.0 = Debug|Any CPU
		{20434707-AC32-48D5-9422-5F834C9ADE07}.Release|Any CPU.ActiveCfg = Release|Any CPU
		{20434707-AC32-48D5-9422-5F834C9ADE07}.Release|Any CPU.Build.0 = Release|Any CPU
		{20434707-AC32-48D5-9422-5F834C9ADE07}.Release|x64.ActiveCfg = Release|Any CPU
		{20434707-AC32-48D5-9422-5F834C9ADE07}.Release|x64.Build.0 = Release|Any CPU
		{20434707-AC32-48D5-9422-5F834C9ADE07}.Release|x86.ActiveCfg = Release|Any CPU
		{20434707-AC32-48D5-9422-5F834C9ADE07}.Release|x86.Build.0 = Release|Any CPU
		{39BD30D5-56DE-40BD-BFAA-C2007A90632F}.Debug|Any CPU.ActiveCfg = Debug|Any CPU
		{39BD30D5-56DE-40BD-BFAA-C2007A90632F}.Debug|Any CPU.Build.0 = Debug|Any CPU
		{39BD30D5-56DE-40BD-BFAA-C2007A90632F}.Debug|x64.ActiveCfg = Debug|Any CPU
		{39BD30D5-56DE-40BD-BFAA-C2007A90632F}.Debug|x64.Build.0 = Debug|Any CPU
		{39BD30D5-56DE-40BD-BFAA-C2007A90632F}.Debug|x86.ActiveCfg = Debug|Any CPU
		{39BD30D5-56DE-40BD-BFAA-C2007A90632F}.Debug|x86.Build.0 = Debug|Any CPU
		{39BD30D5-56DE-40BD-BFAA-C2007A90632F}.Release|Any CPU.ActiveCfg = Release|Any CPU
		{39BD30D5-56DE-40BD-BFAA-C2007A90632F}.Release|Any CPU.Build.0 = Release|Any CPU
		{39BD30D5-56DE-40BD-BFAA-C2007A90632F}.Release|x64.ActiveCfg = Release|Any CPU
		{39BD30D5-56DE-40BD-BFAA-C2007A90632F}.Release|x64.Build.0 = Release|Any CPU
		{39BD30D5-56DE-40BD-BFAA-C2007A90632F}.Release|x86.ActiveCfg = Release|Any CPU
		{39BD30D5-56DE-40BD-BFAA-C2007A90632F}.Release|x86.Build.0 = Release|Any CPU
	EndGlobalSection
	GlobalSection(NestedProjects) = preSolution
		{20434707-AC32-48D5-9422-5F834C9ADE07} = {1D359D3B-5670-4400-8FC4-6B2C6AD55808}
		{39BD30D5-56DE-40BD-BFAA-C2007A90632F} = {989E4924-4AF5-4340-9937-EA5EC4D21D30}
	EndGlobalSection
EndGlobal
